# This file is automatically @generated by Poetry 1.6.1 and should not be changed by hand.

[[package]]
name = "fastapi"
version = "0.104.1"
description = "FastAPI framework, high performance, easy to learn, fast to code, ready for production"
optional = false
python-versions = ">=3.8"
files = []

[[package]]
name = "uvicorn"
version = "0.24.0"
description = "The lightning-fast ASGI server"
optional = false
python-versions = ">=3.8"
files = []

[[package]]
name = "pydantic"
version = "2.5.0"
description = "Data validation using Python type hints"
optional = false
python-versions = ">=3.7"
files = []

[[package]]
name = "aio-pika"
version = "9.3.1"
description = "Wrapper around the aiormq for asyncio and humans."
optional = false
python-versions = ">=3.7"
files = []

[metadata]
lock-version = "2.0"
python-versions = "^3.11"
content-hash = "f2b2a7d1f7c4e8b9c0d1e2f3a4b5c6d7e8f9a0b1c2d3e4f5a6b7c8d9e0f1a2b3"